{
  "version": 4,
  "terraform_version": "1.11.4",
  "serial": 58,
  "lineage": "3404ed99-03a5-5a60-f6a0-b42aef6face6",
  "outputs": {},
  "resources": [
    {
      "mode": "data",
      "type": "google_dns_managed_zone",
      "name": "dns_zone",
      "provider": "provider[\"registry.terraform.io/hashicorp/google\"]",
      "instances": [
        {
          "schema_version": 0,
          "attributes": {
            "description": "",
            "dns_name": "balogunsresume.com.",
            "id": "projects/fleet-gift-459521-d6/managedZones/terraform-gcp",
            "managed_zone_id": 4942933332164270653,
            "name": "terraform-gcp",
            "name_servers": [
              "ns-cloud-d1.googledomains.com.",
              "ns-cloud-d2.googledomains.com.",
              "ns-cloud-d3.googledomains.com.",
              "ns-cloud-d4.googledomains.com."
            ],
            "project": "fleet-gift-459521-d6",
            "visibility": "public"
          },
          "sensitive_attributes": []
        }
      ]
    },
    {
      "mode": "managed",
      "type": "google_compute_backend_bucket",
      "name": "website-backend",
      "provider": "provider[\"registry.terraform.io/hashicorp/google\"]",
      "instances": [
        {
          "schema_version": 0,
          "attributes": {
            "bucket_name": "example-website-by-balogun",
            "cdn_policy": [
              {
                "bypass_cache_on_request_headers": [],
                "cache_key_policy": [],
                "cache_mode": "CACHE_ALL_STATIC",
                "client_ttl": 3600,
                "default_ttl": 3600,
                "max_ttl": 86400,
                "negative_caching": true,
                "negative_caching_policy": [],
                "request_coalescing": true,
                "serve_while_stale": 86400,
                "signed_url_cache_max_age_sec": 0
              }
            ],
            "compression_mode": "",
            "creation_timestamp": "2025-05-11T22:35:47.757-07:00",
            "custom_response_headers": [],
            "description": "contains files needed for the website",
            "edge_security_policy": "",
            "enable_cdn": true,
            "id": "projects/fleet-gift-459521-d6/global/backendBuckets/website-bucket",
            "name": "website-bucket",
            "project": "fleet-gift-459521-d6",
            "self_link": "https://www.googleapis.com/compute/v1/projects/fleet-gift-459521-d6/global/backendBuckets/website-bucket",
            "timeouts": null
          },
          "sensitive_attributes": [],
          "private": "eyJlMmJmYjczMC1lY2FhLTExZTYtOGY4OC0zNDM2M2JjN2M0YzAiOnsiY3JlYXRlIjoxMjAwMDAwMDAwMDAwLCJkZWxldGUiOjEyMDAwMDAwMDAwMDAsInVwZGF0ZSI6MTIwMDAwMDAwMDAwMH19",
          "dependencies": [
            "google_storage_bucket.website"
          ]
        }
      ]
    },
    {
      "mode": "managed",
      "type": "google_compute_global_address",
      "name": "website_ip",
      "provider": "provider[\"registry.terraform.io/hashicorp/google\"]",
      "instances": [
        {
          "schema_version": 0,
          "attributes": {
            "address": "34.111.221.99",
            "address_type": "EXTERNAL",
            "creation_timestamp": "2025-05-11T22:35:47.798-07:00",
            "description": "",
            "effective_labels": {
              "goog-terraform-provisioned": "true"
            },
            "id": "projects/fleet-gift-459521-d6/global/addresses/website-lb-ip",
            "ip_version": "",
            "label_fingerprint": "vezUS-42LLM=",
            "labels": {},
            "name": "website-lb-ip",
            "network": "",
            "prefix_length": 0,
            "project": "fleet-gift-459521-d6",
            "purpose": "",
            "self_link": "https://www.googleapis.com/compute/v1/projects/fleet-gift-459521-d6/global/addresses/website-lb-ip",
            "terraform_labels": {
              "goog-terraform-provisioned": "true"
            },
            "timeouts": null
          },
          "sensitive_attributes": [],
          "private": "eyJlMmJmYjczMC1lY2FhLTExZTYtOGY4OC0zNDM2M2JjN2M0YzAiOnsiY3JlYXRlIjoxMjAwMDAwMDAwMDAwLCJkZWxldGUiOjEyMDAwMDAwMDAwMDAsInVwZGF0ZSI6MTIwMDAwMDAwMDAwMH19"
        }
      ]
    },
    {
      "mode": "managed",
      "type": "google_compute_global_forwarding_rule",
      "name": "default",
      "provider": "provider[\"registry.terraform.io/hashicorp/google\"]",
      "instances": [
        {
          "schema_version": 0,
          "attributes": {
            "base_forwarding_rule": "",
            "description": "",
            "effective_labels": {},
            "forwarding_rule_id": 6000004676316837391,
            "id": "projects/fleet-gift-459521-d6/global/forwardingRules/website-forwarding-rule",
            "ip_address": "34.111.221.99",
            "ip_protocol": "TCP",
            "ip_version": "",
            "label_fingerprint": "42WmSpB8rSM=",
            "labels": {},
            "load_balancing_scheme": "EXTERNAL",
            "metadata_filters": [],
            "name": "website-forwarding-rule",
            "network": "",
            "network_tier": "PREMIUM",
            "no_automate_dns_zone": null,
            "port_range": "80-80",
            "project": "fleet-gift-459521-d6",
            "psc_connection_id": "",
            "psc_connection_status": "",
            "self_link": "https://www.googleapis.com/compute/v1/projects/fleet-gift-459521-d6/global/forwardingRules/website-forwarding-rule",
            "service_directory_registrations": [],
            "source_ip_ranges": [],
            "subnetwork": "",
            "target": "https://www.googleapis.com/compute/v1/projects/fleet-gift-459521-d6/global/targetHttpProxies/website-target-proxy",
            "terraform_labels": {},
            "timeouts": null
          },
          "sensitive_attributes": [],
          "private": "eyJlMmJmYjczMC1lY2FhLTExZTYtOGY4OC0zNDM2M2JjN2M0YzAiOnsiY3JlYXRlIjoxMjAwMDAwMDAwMDAwLCJkZWxldGUiOjEyMDAwMDAwMDAwMDAsInVwZGF0ZSI6MTIwMDAwMDAwMDAwMH19",
          "dependencies": [
            "google_compute_backend_bucket.website-backend",
            "google_compute_global_address.website_ip",
            "google_compute_target_http_proxy.website",
            "google_compute_url_map.website",
            "google_storage_bucket.website"
          ]
        }
      ]
    },
    {
      "mode": "managed",
      "type": "google_compute_target_http_proxy",
      "name": "website",
      "provider": "provider[\"registry.terraform.io/hashicorp/google\"]",
      "instances": [
        {
          "schema_version": 0,
          "attributes": {
            "creation_timestamp": "2025-05-11T22:36:20.689-07:00",
            "description": "",
            "http_keep_alive_timeout_sec": 0,
            "id": "projects/fleet-gift-459521-d6/global/targetHttpProxies/website-target-proxy",
            "name": "website-target-proxy",
            "project": "fleet-gift-459521-d6",
            "proxy_bind": false,
            "proxy_id": 6914988772296504891,
            "self_link": "https://www.googleapis.com/compute/v1/projects/fleet-gift-459521-d6/global/targetHttpProxies/website-target-proxy",
            "timeouts": null,
            "url_map": "https://www.googleapis.com/compute/v1/projects/fleet-gift-459521-d6/global/urlMaps/website-url-map"
          },
          "sensitive_attributes": [],
          "private": "eyJlMmJmYjczMC1lY2FhLTExZTYtOGY4OC0zNDM2M2JjN2M0YzAiOnsiY3JlYXRlIjoxMjAwMDAwMDAwMDAwLCJkZWxldGUiOjEyMDAwMDAwMDAwMDAsInVwZGF0ZSI6MTIwMDAwMDAwMDAwMH19",
          "dependencies": [
            "google_compute_backend_bucket.website-backend",
            "google_compute_url_map.website",
            "google_storage_bucket.website"
          ]
        }
      ]
    },
    {
      "mode": "managed",
      "type": "google_compute_url_map",
      "name": "website",
      "provider": "provider[\"registry.terraform.io/hashicorp/google\"]",
      "instances": [
        {
          "schema_version": 0,
          "attributes": {
            "creation_timestamp": "2025-05-11T22:36:09.420-07:00",
            "default_route_action": [],
            "default_service": "https://www.googleapis.com/compute/v1/projects/fleet-gift-459521-d6/global/backendBuckets/website-bucket",
            "default_url_redirect": [],
            "description": "",
            "fingerprint": "qhjXUKifAPE=",
            "header_action": [],
            "host_rule": [
              {
                "description": "",
                "hosts": [
                  "*"
                ],
                "path_matcher": "allpaths"
              }
            ],
            "id": "projects/fleet-gift-459521-d6/global/urlMaps/website-url-map",
            "map_id": 548495669251028518,
            "name": "website-url-map",
            "path_matcher": [
              {
                "default_route_action": [],
                "default_service": "https://www.googleapis.com/compute/v1/projects/fleet-gift-459521-d6/global/backendBuckets/website-bucket",
                "default_url_redirect": [],
                "description": "",
                "header_action": [],
                "name": "allpaths",
                "path_rule": [],
                "route_rules": []
              }
            ],
            "project": "fleet-gift-459521-d6",
            "self_link": "https://www.googleapis.com/compute/v1/projects/fleet-gift-459521-d6/global/urlMaps/website-url-map",
            "test": [],
            "timeouts": null
          },
          "sensitive_attributes": [],
          "private": "eyJlMmJmYjczMC1lY2FhLTExZTYtOGY4OC0zNDM2M2JjN2M0YzAiOnsiY3JlYXRlIjoxMjAwMDAwMDAwMDAwLCJkZWxldGUiOjEyMDAwMDAwMDAwMDAsInVwZGF0ZSI6MTIwMDAwMDAwMDAwMH19",
          "dependencies": [
            "google_compute_backend_bucket.website-backend",
            "google_storage_bucket.website"
          ]
        }
      ]
    },
    {
      "mode": "managed",
      "type": "google_dns_record_set",
      "name": "website",
      "provider": "provider[\"registry.terraform.io/hashicorp/google\"]",
      "instances": [
        {
          "schema_version": 0,
          "attributes": {
            "id": "projects/fleet-gift-459521-d6/managedZones/terraform-gcp/rrsets/website.balogunsresume.com./A",
            "managed_zone": "terraform-gcp",
            "name": "website.balogunsresume.com.",
            "project": "fleet-gift-459521-d6",
            "routing_policy": [],
            "rrdatas": [
              "34.111.221.99"
            ],
            "ttl": 300,
            "type": "A"
          },
          "sensitive_attributes": [],
          "private": "bnVsbA==",
          "dependencies": [
            "data.google_dns_managed_zone.dns_zone",
            "google_compute_global_address.website_ip"
          ]
        }
      ]
    },
    {
      "mode": "managed",
      "type": "google_storage_bucket",
      "name": "website",
      "provider": "provider[\"registry.terraform.io/hashicorp/google\"]",
      "instances": [
        {
          "schema_version": 3,
          "attributes": {
            "autoclass": [],
            "cors": [],
            "custom_placement_config": [],
            "default_event_based_hold": false,
            "effective_labels": {
              "goog-terraform-provisioned": "true"
            },
            "enable_object_retention": false,
            "encryption": [],
            "force_destroy": false,
            "hierarchical_namespace": [
              {
                "enabled": false
              }
            ],
            "id": "example-website-by-balogun",
            "labels": {},
            "lifecycle_rule": [],
            "location": "US",
            "logging": [],
            "name": "example-website-by-balogun",
            "project": "fleet-gift-459521-d6",
            "project_number": 15847414124,
            "public_access_prevention": "inherited",
            "requester_pays": false,
            "retention_policy": [],
            "rpo": "DEFAULT",
            "self_link": "https://www.googleapis.com/storage/v1/b/example-website-by-balogun",
            "soft_delete_policy": [
              {
                "effective_time": "2025-05-12T02:01:13.898Z",
                "retention_duration_seconds": 604800
              }
            ],
            "storage_class": "STANDARD",
            "terraform_labels": {
              "goog-terraform-provisioned": "true"
            },
            "time_created": "2025-05-12T02:01:13.898Z",
            "timeouts": null,
            "uniform_bucket_level_access": false,
            "updated": "2025-05-20T05:15:09.423Z",
            "url": "gs://example-website-by-balogun",
            "versioning": [],
            "website": []
          },
          "sensitive_attributes": [],
          "private": "eyJlMmJmYjczMC1lY2FhLTExZTYtOGY4OC0zNDM2M2JjN2M0YzAiOnsiY3JlYXRlIjo2MDAwMDAwMDAwMDAsInJlYWQiOjI0MDAwMDAwMDAwMCwidXBkYXRlIjoyNDAwMDAwMDAwMDB9LCJzY2hlbWFfdmVyc2lvbiI6IjMifQ=="
        }
      ]
    },
    {
      "mode": "managed",
      "type": "google_storage_bucket_iam_member",
      "name": "public_access",
      "provider": "provider[\"registry.terraform.io/hashicorp/google\"]",
      "instances": [
        {
          "schema_version": 0,
          "attributes": {
            "bucket": "b/example-website-by-balogun",
            "condition": [],
            "etag": "CAI=",
            "id": "b/example-website-by-balogun/roles/storage.objectViewer/allUsers",
            "member": "allUsers",
            "role": "roles/storage.objectViewer"
          },
          "sensitive_attributes": [],
          "private": "bnVsbA==",
          "dependencies": [
            "google_storage_bucket.website"
          ]
        }
      ]
    },
    {
      "mode": "managed",
      "type": "google_storage_bucket_object",
      "name": "profile_pic",
      "provider": "provider[\"registry.terraform.io/hashicorp/google\"]",
      "instances": [
        {
          "schema_version": 0,
          "attributes": {
            "bucket": "example-website-by-balogun",
            "cache_control": "",
            "content": null,
            "content_disposition": "",
            "content_encoding": "",
            "content_language": "",
            "content_type": "image/jpeg",
            "crc32c": "utqjTQ==",
            "customer_encryption": [],
            "detect_md5hash": "oeGoWLasFxPKK61mwEltfA==",
            "event_based_hold": false,
            "generation": 1747717309578628,
            "id": "example-website-by-balogun-profile.jpg",
            "kms_key_name": "",
            "md5hash": "oeGoWLasFxPKK61mwEltfA==",
            "md5hexhash": "a1e1a858b6ac1713ca2bad66c0496d7c",
            "media_link": "https://storage.googleapis.com/download/storage/v1/b/example-website-by-balogun/o/profile.jpg?generation=1747717309578628\u0026alt=media",
            "metadata": {},
            "name": "profile.jpg",
            "output_name": "profile.jpg",
            "retention": [],
            "self_link": "https://www.googleapis.com/storage/v1/b/example-website-by-balogun/o/profile.jpg",
            "source": "../website/profile.jpg",
            "storage_class": "STANDARD",
            "temporary_hold": false,
            "timeouts": null
          },
          "sensitive_attributes": [
            [
              {
                "type": "get_attr",
                "value": "content"
              }
            ]
          ],
          "private": "eyJlMmJmYjczMC1lY2FhLTExZTYtOGY4OC0zNDM2M2JjN2M0YzAiOnsiY3JlYXRlIjoyNDAwMDAwMDAwMDAsImRlbGV0ZSI6MjQwMDAwMDAwMDAwLCJ1cGRhdGUiOjI0MDAwMDAwMDAwMH19",
          "dependencies": [
            "google_storage_bucket.website"
          ]
        }
      ]
    },
    {
      "mode": "managed",
      "type": "google_storage_bucket_object",
      "name": "static_site_src",
      "provider": "provider[\"registry.terraform.io/hashicorp/google\"]",
      "instances": [
        {
          "schema_version": 0,
          "attributes": {
            "bucket": "example-website-by-balogun",
            "cache_control": "",
            "content": null,
            "content_disposition": "",
            "content_encoding": "",
            "content_language": "",
            "content_type": "text/html; charset=utf-8",
            "crc32c": "1uOVqA==",
            "customer_encryption": [],
            "detect_md5hash": "Jfv1kRUeScJZknIi/EYRbQ==",
            "event_based_hold": false,
            "generation": 1747719045671550,
            "id": "example-website-by-balogun-index.html",
            "kms_key_name": "",
            "md5hash": "Jfv1kRUeScJZknIi/EYRbQ==",
            "md5hexhash": "25fbf591151e49c259927222fc46116d",
            "media_link": "https://storage.googleapis.com/download/storage/v1/b/example-website-by-balogun/o/index.html?generation=1747719045671550\u0026alt=media",
            "metadata": {},
            "name": "index.html",
            "output_name": "index.html",
            "retention": [],
            "self_link": "https://www.googleapis.com/storage/v1/b/example-website-by-balogun/o/index.html",
            "source": "../website/index.html",
            "storage_class": "STANDARD",
            "temporary_hold": false,
            "timeouts": null
          },
          "sensitive_attributes": [
            [
              {
                "type": "get_attr",
                "value": "content"
              }
            ]
          ],
          "private": "eyJlMmJmYjczMC1lY2FhLTExZTYtOGY4OC0zNDM2M2JjN2M0YzAiOnsiY3JlYXRlIjoyNDAwMDAwMDAwMDAsImRlbGV0ZSI6MjQwMDAwMDAwMDAwLCJ1cGRhdGUiOjI0MDAwMDAwMDAwMH19",
          "dependencies": [
            "google_storage_bucket.website"
          ]
        }
      ]
    },
    {
      "mode": "managed",
      "type": "google_storage_object_access_control",
      "name": "profile_pic_public",
      "provider": "provider[\"registry.terraform.io/hashicorp/google\"]",
      "instances": [
        {
          "schema_version": 0,
          "attributes": {
            "bucket": "example-website-by-balogun",
            "domain": "",
            "email": "",
            "entity": "allUsers",
            "entity_id": "",
            "generation": 1747717309578628,
            "id": "example-website-by-balogun/profile.jpg/allUsers",
            "object": "profile.jpg",
            "project_team": [],
            "role": "READER",
            "timeouts": null
          },
          "sensitive_attributes": [],
          "private": "eyJlMmJmYjczMC1lY2FhLTExZTYtOGY4OC0zNDM2M2JjN2M0YzAiOnsiY3JlYXRlIjoxMjAwMDAwMDAwMDAwLCJkZWxldGUiOjEyMDAwMDAwMDAwMDAsInVwZGF0ZSI6MTIwMDAwMDAwMDAwMH19",
          "dependencies": [
            "google_storage_bucket.website",
            "google_storage_bucket_object.profile_pic"
          ]
        }
      ]
    },
    {
      "mode": "managed",
      "type": "google_storage_object_access_control",
      "name": "public_rule",
      "provider": "provider[\"registry.terraform.io/hashicorp/google\"]",
      "instances": [
        {
          "schema_version": 0,
          "attributes": {
            "bucket": "example-website-by-balogun",
            "domain": "",
            "email": "",
            "entity": "allUsers",
            "entity_id": "",
            "generation": 1747717309445084,
            "id": "example-website-by-balogun/index.html/allUsers",
            "object": "index.html",
            "project_team": [],
            "role": "READER",
            "timeouts": null
          },
          "sensitive_attributes": [],
          "private": "eyJlMmJmYjczMC1lY2FhLTExZTYtOGY4OC0zNDM2M2JjN2M0YzAiOnsiY3JlYXRlIjoxMjAwMDAwMDAwMDAwLCJkZWxldGUiOjEyMDAwMDAwMDAwMDAsInVwZGF0ZSI6MTIwMDAwMDAwMDAwMH19",
          "dependencies": [
            "google_storage_bucket.website",
            "google_storage_bucket_object.static_site_src"
          ]
        }
      ]
    }
  ],
  "check_results": null
}
